
Microsoft Visual Studio Solution File, Format Version 12.00
# Visual Studio Version 17
VisualStudioVersion = 17.9.34607.119
MinimumVisualStudioVersion = 10.0.40219.1
Project("{9A19103F-16F7-4668-BE54-9A1E7A4F7556}") = "ExpenseProgram", "ExpenseProgram.csproj", "{861FBD3F-9D5B-4C10-8F5B-2158DA1B5957}"
EndProject
Global
	GlobalSection(SolutionConfigurationPlatforms) = preSolution
		Debug|Any CPU = Debug|Any CPU
		Release|Any CPU = Release|Any CPU
	EndGlobalSection
	GlobalSection(ProjectConfigurationPlatforms) = postSolution
		{861FBD3F-9D5B-4C10-8F5B-2158DA1B5957}.Debug|Any CPU.ActiveCfg = Debug|Any CPU
		{861FBD3F-9D5B-4C10-8F5B-2158DA1B5957}.Debug|Any CPU.Build.0 = Debug|Any CPU
		{861FBD3F-9D5B-4C10-8F5B-2158DA1B5957}.Release|Any CPU.ActiveCfg = Release|Any CPU
		{861FBD3F-9D5B-4C10-8F5B-2158DA1B5957}.Release|Any CPU.Build.0 = Release|Any CPU
	EndGlobalSection
	GlobalSection(SolutionProperties) = preSolution
		HideSolutionNode = FALSE
	EndGlobalSection
	GlobalSection(ExtensibilityGlobals) = postSolution
		SolutionGuid = {E82FD2EF-D822-4D2B-8CFC-942C5084D566}
	EndGlobalSection
EndGlobal
